
Microsoft Visual Studio Solution File, Format Version 12.00
# Visual Studio 2013
VisualStudioVersion = 12.0.30501.0
MinimumVisualStudioVersion = 10.0.40219.1
Project("{FAE04EC0-301F-11D3-BF4B-00C04F79EFBC}") = "MK6.AutomatedTesting.UI", "MK6.AutomatedTesting.UI\MK6.AutomatedTesting.UI.csproj", "{706A400F-797D-4DCC-B3CE-F4370A6D5BDE}"
EndProject
Project("{2150E333-8FDC-42A3-9474-1A3956D46DE8}") = "Solution Items", "Solution Items", "{6D218381-A2AA-439D-ABF3-617C88701406}"
	ProjectSection(SolutionItems) = preProject
		MK6.AutomatedTesting.UI.nuspec = MK6.AutomatedTesting.UI.nuspec
	EndProjectSection
EndProject
Global
	GlobalSection(SolutionConfigurationPlatforms) = preSolution
		Debug|Any CPU = Debug|Any CPU
		Release|Any CPU = Release|Any CPU
	EndGlobalSection
	GlobalSection(ProjectConfigurationPlatforms) = postSolution
		{706A400F-797D-4DCC-B3CE-F4370A6D5BDE}.Debug|Any CPU.ActiveCfg = Debug|Any CPU
		{706A400F-797D-4DCC-B3CE-F4370A6D5BDE}.Debug|Any CPU.Build.0 = Debug|Any CPU
		{706A400F-797D-4DCC-B3CE-F4370A6D5BDE}.Release|Any CPU.ActiveCfg = Release|Any CPU
		{706A400F-797D-4DCC-B3CE-F4370A6D5BDE}.Release|Any CPU.Build.0 = Release|Any CPU
	EndGlobalSection
	GlobalSection(SolutionProperties) = preSolution
		HideSolutionNode = FALSE
	EndGlobalSection
EndGlobal
