
Microsoft Visual Studio Solution File, Format Version 12.00
# Visual Studio 2013
VisualStudioVersion = 12.0.30501.0
MinimumVisualStudioVersion = 10.0.40219.1
Project("{FAE04EC0-301F-11D3-BF4B-00C04F79EFBC}") = "MK6.AutomatedTesting.UI", "MK6.AutomatedTesting.UI\MK6.AutomatedTesting.UI.csproj", "{706A400F-797D-4DCC-B3CE-F4370A6D5BDE}"
EndProject
Project("{2150E333-8FDC-42A3-9474-1A3956D46DE8}") = "Solution Items", "Solution Items", "{6D218381-A2AA-439D-ABF3-617C88701406}"
	ProjectSection(SolutionItems) = preProject
		MK6.AutomatedTesting.UI.nuspec = MK6.AutomatedTesting.UI.nuspec
		MK6.AutomatedTesting.UI.SpecFlow.nuspec = MK6.AutomatedTesting.UI.SpecFlow.nuspec
	EndProjectSection
EndProject
Project("{FAE04EC0-301F-11D3-BF4B-00C04F79EFBC}") = "MK6.AutomatedTesting.UI.Tests", "MK6.AutomatedTesting.UI.Tests\MK6.AutomatedTesting.UI.Tests.csproj", "{7A2E00FA-1B85-42C7-A34A-6568161E11D1}"
EndProject
Project("{FAE04EC0-301F-11D3-BF4B-00C04F79EFBC}") = "MK6.AutomatedTesting.UI.SpecFlow", "MK6.AutomatedTesting.UI.SpecFlow\MK6.AutomatedTesting.UI.SpecFlow.csproj", "{5E6A68AF-AD7F-4239-A567-A2338CE6023B}"
EndProject
Project("{FAE04EC0-301F-11D3-BF4B-00C04F79EFBC}") = "MK6.AutomatedTesting.UI.SpecFlow.Tests", "MK6.AutomatedTesting.UI.SpecFlow.Tests\MK6.AutomatedTesting.UI.SpecFlow.Tests.csproj", "{B1C68951-A783-433F-873C-46C6A437DE19}"
EndProject
Global
	GlobalSection(SolutionConfigurationPlatforms) = preSolution
		Debug|Any CPU = Debug|Any CPU
		Release|Any CPU = Release|Any CPU
	EndGlobalSection
	GlobalSection(ProjectConfigurationPlatforms) = postSolution
		{706A400F-797D-4DCC-B3CE-F4370A6D5BDE}.Debug|Any CPU.ActiveCfg = Debug|Any CPU
		{706A400F-797D-4DCC-B3CE-F4370A6D5BDE}.Debug|Any CPU.Build.0 = Debug|Any CPU
		{706A400F-797D-4DCC-B3CE-F4370A6D5BDE}.Release|Any CPU.ActiveCfg = Release|Any CPU
		{706A400F-797D-4DCC-B3CE-F4370A6D5BDE}.Release|Any CPU.Build.0 = Release|Any CPU
		{7A2E00FA-1B85-42C7-A34A-6568161E11D1}.Debug|Any CPU.ActiveCfg = Debug|Any CPU
		{7A2E00FA-1B85-42C7-A34A-6568161E11D1}.Debug|Any CPU.Build.0 = Debug|Any CPU
		{7A2E00FA-1B85-42C7-A34A-6568161E11D1}.Release|Any CPU.ActiveCfg = Release|Any CPU
		{7A2E00FA-1B85-42C7-A34A-6568161E11D1}.Release|Any CPU.Build.0 = Release|Any CPU
		{5E6A68AF-AD7F-4239-A567-A2338CE6023B}.Debug|Any CPU.ActiveCfg = Debug|Any CPU
		{5E6A68AF-AD7F-4239-A567-A2338CE6023B}.Debug|Any CPU.Build.0 = Debug|Any CPU
		{5E6A68AF-AD7F-4239-A567-A2338CE6023B}.Release|Any CPU.ActiveCfg = Release|Any CPU
		{5E6A68AF-AD7F-4239-A567-A2338CE6023B}.Release|Any CPU.Build.0 = Release|Any CPU
		{B1C68951-A783-433F-873C-46C6A437DE19}.Debug|Any CPU.ActiveCfg = Debug|Any CPU
		{B1C68951-A783-433F-873C-46C6A437DE19}.Debug|Any CPU.Build.0 = Debug|Any CPU
		{B1C68951-A783-433F-873C-46C6A437DE19}.Release|Any CPU.ActiveCfg = Release|Any CPU
		{B1C68951-A783-433F-873C-46C6A437DE19}.Release|Any CPU.Build.0 = Release|Any CPU
	EndGlobalSection
	GlobalSection(SolutionProperties) = preSolution
		HideSolutionNode = FALSE
	EndGlobalSection
EndGlobal
